
Microsoft Visual Studio Solution File, Format Version 12.00
# Visual Studio Version 17
VisualStudioVersion = 17.14.36414.22
MinimumVisualStudioVersion = 10.0.40219.1
Project("{2150E333-8FDC-42A3-9474-1A3956D46DE8}") = "Task0", "Task0", "{02EA681E-C7D8-13C7-8484-4AC65E1B71E8}"
EndProject
Project("{FAE04EC0-301F-11D3-BF4B-00C04F79EFBC}") = "Tyuiu.AlekseevaVA.Sprint3.Task0.V16", "Tyuiu.AlekseevaVA.Sprint3.Task0.V16\Tyuiu.AlekseevaVA.Sprint3.Task0.V16.csproj", "{4FA6225F-60FF-4337-AC4D-44C464058C18}"
EndProject
Project("{FAE04EC0-301F-11D3-BF4B-00C04F79EFBC}") = "Tyuiu.AlekseevaVA.Sprint3.Task0.V16.Lib", "Tyuiu.AlekseevaVA.Sprint3.Task0.V16.Lib\Tyuiu.AlekseevaVA.Sprint3.Task0.V16.Lib.csproj", "{EBAD5D5A-A7C1-41C3-8233-A4EDDB6410AB}"
EndProject
Project("{FAE04EC0-301F-11D3-BF4B-00C04F79EFBC}") = "Tyuiu.AlekseevaVA.Sprint3.Task0.V16.Test", "Tyuiu.AlekseevaVA.Sprint3.Task0.V16.Test\Tyuiu.AlekseevaVA.Sprint3.Task0.V16.Test.csproj", "{1A91BD88-FAB4-4273-9517-54B9D16CE51C}"
EndProject
Project("{2150E333-8FDC-42A3-9474-1A3956D46DE8}") = "Task1", "Task1", "{D543831B-8A3F-4A89-A663-BC6B4FBE4BBF}"
EndProject
Project("{FAE04EC0-301F-11D3-BF4B-00C04F79EFBC}") = "Tyuiu.AlekseevaVA.Sprint3.Task1.V23", "Tyuiu.AlekseevaVA.Sprint3.Task1.V23\Tyuiu.AlekseevaVA.Sprint3.Task1.V23.csproj", "{5B370352-B42A-4588-B872-A64ED64DD7A4}"
EndProject
Project("{FAE04EC0-301F-11D3-BF4B-00C04F79EFBC}") = "Tyuiu.AlekseevaVA.Sprint3.Task1.V23.Lib", "Tyuiu.AlekseevaVA.Sprint3.Task1.V23.Lib\Tyuiu.AlekseevaVA.Sprint3.Task1.V23.Lib.csproj", "{56B948EA-AA12-4DE6-9F10-4E3D5A5C5B83}"
EndProject
Project("{FAE04EC0-301F-11D3-BF4B-00C04F79EFBC}") = "Tyuiu.AlekseevaVA.Sprint3.Task1.V23.Test", "Tyuiu.AlekseevaVA.Sprint3.Task1.V23.Test\Tyuiu.AlekseevaVA.Sprint3.Task1.V23.Test.csproj", "{102E7071-4D59-4876-A2C0-1686B839E302}"
EndProject
Project("{2150E333-8FDC-42A3-9474-1A3956D46DE8}") = "Task2", "Task2", "{655C38A4-4527-4CCD-B1CC-BFD589FF6D31}"
EndProject
Project("{FAE04EC0-301F-11D3-BF4B-00C04F79EFBC}") = "Tyuiu.AlekseevaVA.Sprint3.Task2.V25", "Tyuiu.AlekseevaVA.Sprint3.Task2.V25\Tyuiu.AlekseevaVA.Sprint3.Task2.V25.csproj", "{E59C3A8F-9962-493B-8C6A-339EF8E1E57F}"
EndProject
Project("{FAE04EC0-301F-11D3-BF4B-00C04F79EFBC}") = "Tyuiu.AlekseevaVA.Sprint3.Task2.V25.Lib", "Tyuiu.AlekseevaVA.Sprint3.Task2.V25.Lib\Tyuiu.AlekseevaVA.Sprint3.Task2.V25.Lib.csproj", "{2928FC66-2032-49B4-A862-5E679515B976}"
EndProject
Project("{FAE04EC0-301F-11D3-BF4B-00C04F79EFBC}") = "Tyuiu.AlekseevaVA.Sprint3.Task2.V25.Test", "Tyuiu.AlekseevaVA.Sprint3.Task2.V25.Test\Tyuiu.AlekseevaVA.Sprint3.Task2.V25.Test.csproj", "{DEAA513A-38C7-424A-98D3-FCCA2EC1544F}"
EndProject
Project("{2150E333-8FDC-42A3-9474-1A3956D46DE8}") = "Task3", "Task3", "{889D2BC8-1BED-4FBE-8206-D3F81F181721}"
EndProject
Project("{FAE04EC0-301F-11D3-BF4B-00C04F79EFBC}") = "Tyuiu.AlekseevaVA.Sprint3.Task3.V22", "Tyuiu.AlekseevaVA.Sprint3.Task3.V22\Tyuiu.AlekseevaVA.Sprint3.Task3.V22.csproj", "{471F0EF1-8F01-43FD-AD02-4899CD725A14}"
EndProject
Project("{FAE04EC0-301F-11D3-BF4B-00C04F79EFBC}") = "Tyuiu.AlekseevaVA.Sprint3.Task3.V22.Lib", "Tyuiu.AlekseevaVA.Sprint3.Task3.V22.Lib\Tyuiu.AlekseevaVA.Sprint3.Task3.V22.Lib.csproj", "{B5DEE678-7323-45F3-85FC-4FBDDA844739}"
EndProject
Project("{FAE04EC0-301F-11D3-BF4B-00C04F79EFBC}") = "Tyuiu.AlekseevaVA.Sprint3.Task3.V22.Test", "Tyuiu.AlekseevaVA.Sprint3.Task3.V22.Test\Tyuiu.AlekseevaVA.Sprint3.Task3.V22.Test.csproj", "{700672BE-9393-496C-9C40-476019071610}"
EndProject
Project("{2150E333-8FDC-42A3-9474-1A3956D46DE8}") = "Task4", "Task4", "{56805BA4-3162-44E5-897A-D3E4B2270A52}"
EndProject
Project("{FAE04EC0-301F-11D3-BF4B-00C04F79EFBC}") = "Tyuiu.AlekseevaVA.Sprint3.Task4.V12", "Tyuiu.AlekseevaVA.Sprint3.Task4.V12\Tyuiu.AlekseevaVA.Sprint3.Task4.V12.csproj", "{25FFEA7E-9D2E-4108-8406-6C5DD6CD5392}"
EndProject
Project("{FAE04EC0-301F-11D3-BF4B-00C04F79EFBC}") = "Tyuiu.AlekseevaVA.Sprint3.Task4.V12.Lib", "Tyuiu.AlekseevaVA.Sprint3.Task4.V12.Lib\Tyuiu.AlekseevaVA.Sprint3.Task4.V12.Lib.csproj", "{3A9F8DE3-F379-4F97-8E2C-01A35DCD1870}"
EndProject
Project("{FAE04EC0-301F-11D3-BF4B-00C04F79EFBC}") = "Tyuiu.AlekseevaVA.Sprint3.Task4.V12.Test", "Tyuiu.AlekseevaVA.Sprint3.Task4.V12.Test\Tyuiu.AlekseevaVA.Sprint3.Task4.V12.Test.csproj", "{28E4E007-854C-4D39-A37D-DEB6934CA865}"
EndProject
Global
	GlobalSection(SolutionConfigurationPlatforms) = preSolution
		Debug|Any CPU = Debug|Any CPU
		Release|Any CPU = Release|Any CPU
	EndGlobalSection
	GlobalSection(ProjectConfigurationPlatforms) = postSolution
		{4FA6225F-60FF-4337-AC4D-44C464058C18}.Debug|Any CPU.ActiveCfg = Debug|Any CPU
		{4FA6225F-60FF-4337-AC4D-44C464058C18}.Debug|Any CPU.Build.0 = Debug|Any CPU
		{4FA6225F-60FF-4337-AC4D-44C464058C18}.Release|Any CPU.ActiveCfg = Release|Any CPU
		{4FA6225F-60FF-4337-AC4D-44C464058C18}.Release|Any CPU.Build.0 = Release|Any CPU
		{EBAD5D5A-A7C1-41C3-8233-A4EDDB6410AB}.Debug|Any CPU.ActiveCfg = Debug|Any CPU
		{EBAD5D5A-A7C1-41C3-8233-A4EDDB6410AB}.Debug|Any CPU.Build.0 = Debug|Any CPU
		{EBAD5D5A-A7C1-41C3-8233-A4EDDB6410AB}.Release|Any CPU.ActiveCfg = Release|Any CPU
		{EBAD5D5A-A7C1-41C3-8233-A4EDDB6410AB}.Release|Any CPU.Build.0 = Release|Any CPU
		{1A91BD88-FAB4-4273-9517-54B9D16CE51C}.Debug|Any CPU.ActiveCfg = Debug|Any CPU
		{1A91BD88-FAB4-4273-9517-54B9D16CE51C}.Debug|Any CPU.Build.0 = Debug|Any CPU
		{1A91BD88-FAB4-4273-9517-54B9D16CE51C}.Release|Any CPU.ActiveCfg = Release|Any CPU
		{1A91BD88-FAB4-4273-9517-54B9D16CE51C}.Release|Any CPU.Build.0 = Release|Any CPU
		{5B370352-B42A-4588-B872-A64ED64DD7A4}.Debug|Any CPU.ActiveCfg = Debug|Any CPU
		{5B370352-B42A-4588-B872-A64ED64DD7A4}.Debug|Any CPU.Build.0 = Debug|Any CPU
		{5B370352-B42A-4588-B872-A64ED64DD7A4}.Release|Any CPU.ActiveCfg = Release|Any CPU
		{5B370352-B42A-4588-B872-A64ED64DD7A4}.Release|Any CPU.Build.0 = Release|Any CPU
		{56B948EA-AA12-4DE6-9F10-4E3D5A5C5B83}.Debug|Any CPU.ActiveCfg = Debug|Any CPU
		{56B948EA-AA12-4DE6-9F10-4E3D5A5C5B83}.Debug|Any CPU.Build.0 = Debug|Any CPU
		{56B948EA-AA12-4DE6-9F10-4E3D5A5C5B83}.Release|Any CPU.ActiveCfg = Release|Any CPU
		{56B948EA-AA12-4DE6-9F10-4E3D5A5C5B83}.Release|Any CPU.Build.0 = Release|Any CPU
		{102E7071-4D59-4876-A2C0-1686B839E302}.Debug|Any CPU.ActiveCfg = Debug|Any CPU
		{102E7071-4D59-4876-A2C0-1686B839E302}.Debug|Any CPU.Build.0 = Debug|Any CPU
		{102E7071-4D59-4876-A2C0-1686B839E302}.Release|Any CPU.ActiveCfg = Release|Any CPU
		{102E7071-4D59-4876-A2C0-1686B839E302}.Release|Any CPU.Build.0 = Release|Any CPU
		{E59C3A8F-9962-493B-8C6A-339EF8E1E57F}.Debug|Any CPU.ActiveCfg = Debug|Any CPU
		{E59C3A8F-9962-493B-8C6A-339EF8E1E57F}.Debug|Any CPU.Build.0 = Debug|Any CPU
		{E59C3A8F-9962-493B-8C6A-339EF8E1E57F}.Release|Any CPU.ActiveCfg = Release|Any CPU
		{E59C3A8F-9962-493B-8C6A-339EF8E1E57F}.Release|Any CPU.Build.0 = Release|Any CPU
		{2928FC66-2032-49B4-A862-5E679515B976}.Debug|Any CPU.ActiveCfg = Debug|Any CPU
		{2928FC66-2032-49B4-A862-5E679515B976}.Debug|Any CPU.Build.0 = Debug|Any CPU
		{2928FC66-2032-49B4-A862-5E679515B976}.Release|Any CPU.ActiveCfg = Release|Any CPU
		{2928FC66-2032-49B4-A862-5E679515B976}.Release|Any CPU.Build.0 = Release|Any CPU
		{DEAA513A-38C7-424A-98D3-FCCA2EC1544F}.Debug|Any CPU.ActiveCfg = Debug|Any CPU
		{DEAA513A-38C7-424A-98D3-FCCA2EC1544F}.Debug|Any CPU.Build.0 = Debug|Any CPU
		{DEAA513A-38C7-424A-98D3-FCCA2EC1544F}.Release|Any CPU.ActiveCfg = Release|Any CPU
		{DEAA513A-38C7-424A-98D3-FCCA2EC1544F}.Release|Any CPU.Build.0 = Release|Any CPU
		{471F0EF1-8F01-43FD-AD02-4899CD725A14}.Debug|Any CPU.ActiveCfg = Debug|Any CPU
		{471F0EF1-8F01-43FD-AD02-4899CD725A14}.Debug|Any CPU.Build.0 = Debug|Any CPU
		{471F0EF1-8F01-43FD-AD02-4899CD725A14}.Release|Any CPU.ActiveCfg = Release|Any CPU
		{471F0EF1-8F01-43FD-AD02-4899CD725A14}.Release|Any CPU.Build.0 = Release|Any CPU
		{B5DEE678-7323-45F3-85FC-4FBDDA844739}.Debug|Any CPU.ActiveCfg = Debug|Any CPU
		{B5DEE678-7323-45F3-85FC-4FBDDA844739}.Debug|Any CPU.Build.0 = Debug|Any CPU
		{B5DEE678-7323-45F3-85FC-4FBDDA844739}.Release|Any CPU.ActiveCfg = Release|Any CPU
		{B5DEE678-7323-45F3-85FC-4FBDDA844739}.Release|Any CPU.Build.0 = Release|Any CPU
		{700672BE-9393-496C-9C40-476019071610}.Debug|Any CPU.ActiveCfg = Debug|Any CPU
		{700672BE-9393-496C-9C40-476019071610}.Debug|Any CPU.Build.0 = Debug|Any CPU
		{700672BE-9393-496C-9C40-476019071610}.Release|Any CPU.ActiveCfg = Release|Any CPU
		{700672BE-9393-496C-9C40-476019071610}.Release|Any CPU.Build.0 = Release|Any CPU
		{25FFEA7E-9D2E-4108-8406-6C5DD6CD5392}.Debug|Any CPU.ActiveCfg = Debug|Any CPU
		{25FFEA7E-9D2E-4108-8406-6C5DD6CD5392}.Debug|Any CPU.Build.0 = Debug|Any CPU
		{25FFEA7E-9D2E-4108-8406-6C5DD6CD5392}.Release|Any CPU.ActiveCfg = Release|Any CPU
		{25FFEA7E-9D2E-4108-8406-6C5DD6CD5392}.Release|Any CPU.Build.0 = Release|Any CPU
		{3A9F8DE3-F379-4F97-8E2C-01A35DCD1870}.Debug|Any CPU.ActiveCfg = Debug|Any CPU
		{3A9F8DE3-F379-4F97-8E2C-01A35DCD1870}.Debug|Any CPU.Build.0 = Debug|Any CPU
		{3A9F8DE3-F379-4F97-8E2C-01A35DCD1870}.Release|Any CPU.ActiveCfg = Release|Any CPU
		{3A9F8DE3-F379-4F97-8E2C-01A35DCD1870}.Release|Any CPU.Build.0 = Release|Any CPU
		{28E4E007-854C-4D39-A37D-DEB6934CA865}.Debug|Any CPU.ActiveCfg = Debug|Any CPU
		{28E4E007-854C-4D39-A37D-DEB6934CA865}.Debug|Any CPU.Build.0 = Debug|Any CPU
		{28E4E007-854C-4D39-A37D-DEB6934CA865}.Release|Any CPU.ActiveCfg = Release|Any CPU
		{28E4E007-854C-4D39-A37D-DEB6934CA865}.Release|Any CPU.Build.0 = Release|Any CPU
	EndGlobalSection
	GlobalSection(SolutionProperties) = preSolution
		HideSolutionNode = FALSE
	EndGlobalSection
	GlobalSection(NestedProjects) = preSolution
		{4FA6225F-60FF-4337-AC4D-44C464058C18} = {02EA681E-C7D8-13C7-8484-4AC65E1B71E8}
		{EBAD5D5A-A7C1-41C3-8233-A4EDDB6410AB} = {02EA681E-C7D8-13C7-8484-4AC65E1B71E8}
		{1A91BD88-FAB4-4273-9517-54B9D16CE51C} = {02EA681E-C7D8-13C7-8484-4AC65E1B71E8}
		{5B370352-B42A-4588-B872-A64ED64DD7A4} = {D543831B-8A3F-4A89-A663-BC6B4FBE4BBF}
		{56B948EA-AA12-4DE6-9F10-4E3D5A5C5B83} = {D543831B-8A3F-4A89-A663-BC6B4FBE4BBF}
		{102E7071-4D59-4876-A2C0-1686B839E302} = {D543831B-8A3F-4A89-A663-BC6B4FBE4BBF}
		{E59C3A8F-9962-493B-8C6A-339EF8E1E57F} = {655C38A4-4527-4CCD-B1CC-BFD589FF6D31}
		{2928FC66-2032-49B4-A862-5E679515B976} = {655C38A4-4527-4CCD-B1CC-BFD589FF6D31}
		{DEAA513A-38C7-424A-98D3-FCCA2EC1544F} = {655C38A4-4527-4CCD-B1CC-BFD589FF6D31}
		{471F0EF1-8F01-43FD-AD02-4899CD725A14} = {889D2BC8-1BED-4FBE-8206-D3F81F181721}
		{B5DEE678-7323-45F3-85FC-4FBDDA844739} = {889D2BC8-1BED-4FBE-8206-D3F81F181721}
		{700672BE-9393-496C-9C40-476019071610} = {889D2BC8-1BED-4FBE-8206-D3F81F181721}
		{25FFEA7E-9D2E-4108-8406-6C5DD6CD5392} = {56805BA4-3162-44E5-897A-D3E4B2270A52}
		{3A9F8DE3-F379-4F97-8E2C-01A35DCD1870} = {56805BA4-3162-44E5-897A-D3E4B2270A52}
		{28E4E007-854C-4D39-A37D-DEB6934CA865} = {56805BA4-3162-44E5-897A-D3E4B2270A52}
	EndGlobalSection
	GlobalSection(ExtensibilityGlobals) = postSolution
		SolutionGuid = {5F0874F4-B3FC-41DD-98E0-257BE9C4FC14}
	EndGlobalSection
EndGlobal
